
Microsoft Visual Studio Solution File, Format Version 12.00
# Visual Studio 15
VisualStudioVersion = 15.0.28307.421
MinimumVisualStudioVersion = 10.0.40219.1
Project("{FAE04EC0-301F-11D3-BF4B-00C04F79EFBC}") = "Kaffe.Web", "KaffeSolution.Web\Kaffe.Web.csproj", "{B4E47456-08F3-4AF8-8799-272D49A5862A}"
EndProject
Global
	GlobalSection(SolutionConfigurationPlatforms) = preSolution
		Debug|Any CPU = Debug|Any CPU
		Release|Any CPU = Release|Any CPU
	EndGlobalSection
	GlobalSection(ProjectConfigurationPlatforms) = postSolution
		{B4E47456-08F3-4AF8-8799-272D49A5862A}.Debug|Any CPU.ActiveCfg = Debug|Any CPU
		{B4E47456-08F3-4AF8-8799-272D49A5862A}.Debug|Any CPU.Build.0 = Debug|Any CPU
		{B4E47456-08F3-4AF8-8799-272D49A5862A}.Release|Any CPU.ActiveCfg = Release|Any CPU
		{B4E47456-08F3-4AF8-8799-272D49A5862A}.Release|Any CPU.Build.0 = Release|Any CPU
	EndGlobalSection
	GlobalSection(SolutionProperties) = preSolution
		HideSolutionNode = FALSE
	EndGlobalSection
	GlobalSection(ExtensibilityGlobals) = postSolution
		SolutionGuid = {239C3826-E9DB-42DB-AEA0-C5C2AAC0B7D0}
	EndGlobalSection
EndGlobal
